
Microsoft Visual Studio Solution File, Format Version 12.00
# Visual Studio 15
VisualStudioVersion = 15.0.27703.2035
MinimumVisualStudioVersion = 10.0.40219.1
Project("{FAE04EC0-301F-11D3-BF4B-00C04F79EFBC}") = "ServiceOne.Api", "ServiceOne.Api\ServiceOne.Api.csproj", "{D8D90266-A7AF-4238-8B8F-1B01156B5E71}"
EndProject
Project("{FAE04EC0-301F-11D3-BF4B-00C04F79EFBC}") = "ServiceOne.Data", "ServiceOne.Data\ServiceOne.Data.csproj", "{6B3B59F5-4A6D-45F3-8029-3D1EA39B272E}"
EndProject
Project("{FAE04EC0-301F-11D3-BF4B-00C04F79EFBC}") = "ServiceOne.IdentityServer", "ServiceOne.IdentityServer\ServiceOne.IdentityServer.csproj", "{C05274C3-8F72-47F4-B19A-35E9C253E38B}"
EndProject
Project("{FAE04EC0-301F-11D3-BF4B-00C04F79EFBC}") = "ServiceOne.DNA", "ServiceOne.DNA\ServiceOne.DNA.csproj", "{3E5A3D63-DCE9-45F8-88B6-3E8967ADAB2C}"
EndProject
Project("{FAE04EC0-301F-11D3-BF4B-00C04F79EFBC}") = "ServiceOne.Help", "ServiceOne.Help\ServiceOne.Help.csproj", "{5A892E84-1337-43C1-929A-1AE78FBCDC3E}"
EndProject
Project("{FAE04EC0-301F-11D3-BF4B-00C04F79EFBC}") = "ServiceOne.Mailer", "ServiceOne.Mailer\ServiceOne.Mailer.csproj", "{34F9E282-56F5-4F3C-8A6C-2251C0C5AD51}"
EndProject
Project("{FAE04EC0-301F-11D3-BF4B-00C04F79EFBC}") = "ServiceOne.Repository", "ServiceOne.Repository\ServiceOne.Repository.csproj", "{DC9ECEFB-73C6-45E8-A662-79B5A070EB67}"
EndProject
Project("{FAE04EC0-301F-11D3-BF4B-00C04F79EFBC}") = "ServiceOne.Repository.Wijmo", "ServiceOne.Repository.Wijmo\ServiceOne.Repository.Wijmo.csproj", "{E645DE52-D1BB-418F-8AAD-9E7FFB65F6E0}"
EndProject
Project("{FAE04EC0-301F-11D3-BF4B-00C04F79EFBC}") = "ServiceOne.Repository.CRM", "ServiceOne.Repository.CRM\ServiceOne.Repository.CRM.csproj", "{6B17807D-A364-4994-BB0A-D04532378FE7}"
EndProject
Project("{FAE04EC0-301F-11D3-BF4B-00C04F79EFBC}") = "ServiceOne.Repository.C1Forum", "ServiceOne.Repository.C1Forum\ServiceOne.Repository.C1Forum.csproj", "{2C6ADFA9-CAB0-41DA-B65A-2E2B5E0A8E53}"
EndProject
Project("{FAE04EC0-301F-11D3-BF4B-00C04F79EFBC}") = "ServiceOne.Repository.Espresso", "ServiceOne.Repository.Espresso\ServiceOne.Repository.Espresso.csproj", "{DD6167A5-1354-4362-A4A1-2005B34B892C}"
EndProject
Project("{FAE04EC0-301F-11D3-BF4B-00C04F79EFBC}") = "ServiceOne.AuthorizeNET", "ServiceOne.AuthorizeNET\ServiceOne.AuthorizeNET.csproj", "{5AC17F6C-41E1-4D8C-A989-10B464744570}"
EndProject
Project("{FAE04EC0-301F-11D3-BF4B-00C04F79EFBC}") = "ServiceOne.Tools", "ServiceOne.Tools\ServiceOne.Tools.csproj", "{F77254C3-FC62-497C-AF15-4EE06DA7C29A}"
EndProject
Project("{FAE04EC0-301F-11D3-BF4B-00C04F79EFBC}") = "ServiceOne.SharePoint", "ServiceOne.SharePoint\ServiceOne.SharePoint.csproj", "{DC76A730-717F-4280-B1F4-0D87940492AB}"
EndProject
Project("{FAE04EC0-301F-11D3-BF4B-00C04F79EFBC}") = "ServiceOne.Logging", "ServiceOne.Logging\ServiceOne.Logging.csproj", "{8321A634-0AFD-4504-9F99-9951D9E09D75}"
EndProject
Project("{FAE04EC0-301F-11D3-BF4B-00C04F79EFBC}") = "ServiceOne.UnitTest", "ServiceOne.UnitTest\ServiceOne.UnitTest.csproj", "{B563301B-E577-4CAC-A388-F467517162BB}"
EndProject
Project("{FAE04EC0-301F-11D3-BF4B-00C04F79EFBC}") = "ServiceOne.Scheduler.Core", "ServiceOne.Scheduler.Core\ServiceOne.Scheduler.Core.csproj", "{4A152CA6-F00B-4573-85C7-1677223A16D8}"
EndProject
Project("{FAE04EC0-301F-11D3-BF4B-00C04F79EFBC}") = "ServiceOne.Email", "ServiceOne.Email\ServiceOne.Email.csproj", "{9E2B41A5-D3A6-4247-AD8E-7D6145630967}"
EndProject
Project("{2150E333-8FDC-42A3-9474-1A3956D46DE8}") = "Marketing", "Marketing", "{E092EBE0-7F36-44BF-907A-72A1876AFEC4}"
EndProject
Project("{2150E333-8FDC-42A3-9474-1A3956D46DE8}") = "To Be Obsolete", "To Be Obsolete", "{00CD0DB2-0E75-40F1-95CF-998F607DEF0F}"
EndProject
Project("{FAE04EC0-301F-11D3-BF4B-00C04F79EFBC}") = "ThreadManager", "ThreadManager\ThreadManager.csproj", "{1A52702B-E382-4312-8522-B0DF0357BC99}"
EndProject
Project("{2150E333-8FDC-42A3-9474-1A3956D46DE8}") = "Solution Items", "Solution Items", "{B4095AC3-8C89-42B0-8B9A-AC31321AD5FA}"
	ProjectSection(SolutionItems) = preProject
		ServiceOne.build = ServiceOne.build
	EndProjectSection
EndProject
Project("{FAE04EC0-301F-11D3-BF4B-00C04F79EFBC}") = "ServiceOne.Api.Utilities", "ServiceOne.Api.Utilities\ServiceOne.Api.Utilities.csproj", "{875232BC-69BF-4218-ADD5-FF3274C549F2}"
EndProject
Project("{FAE04EC0-301F-11D3-BF4B-00C04F79EFBC}") = "GrapeCity.Security.OAuth", "GrapeCity.Security.OAuth\GrapeCity.Security.OAuth.csproj", "{520EFFC4-357D-4716-8567-CC20A7C1A4ED}"
EndProject
Project("{FAE04EC0-301F-11D3-BF4B-00C04F79EFBC}") = "Grapecity.MultithreadingTester", "Grapecity.MultithreadingTester\Grapecity.MultithreadingTester.csproj", "{1455EA75-8F92-4E7D-B73F-4167B387A764}"
EndProject
Global
	GlobalSection(SolutionConfigurationPlatforms) = preSolution
		Debug|Any CPU = Debug|Any CPU
		Release|Any CPU = Release|Any CPU
		ServiceOne_Azure_Production|Any CPU = ServiceOne_Azure_Production|Any CPU
		ServiceOne_Azure_Stage|Any CPU = ServiceOne_Azure_Stage|Any CPU
		ServiceOne_Debug_Dev|Any CPU = ServiceOne_Debug_Dev|Any CPU
		ServiceOne_Release|Any CPU = ServiceOne_Release|Any CPU
		ServiceOne_Staging|Any CPU = ServiceOne_Staging|Any CPU
	EndGlobalSection
	GlobalSection(ProjectConfigurationPlatforms) = postSolution
		{D8D90266-A7AF-4238-8B8F-1B01156B5E71}.Debug|Any CPU.ActiveCfg = Debug|Any CPU
		{D8D90266-A7AF-4238-8B8F-1B01156B5E71}.Debug|Any CPU.Build.0 = Debug|Any CPU
		{D8D90266-A7AF-4238-8B8F-1B01156B5E71}.Release|Any CPU.ActiveCfg = Release|Any CPU
		{D8D90266-A7AF-4238-8B8F-1B01156B5E71}.Release|Any CPU.Build.0 = Release|Any CPU
		{D8D90266-A7AF-4238-8B8F-1B01156B5E71}.ServiceOne_Azure_Production|Any CPU.ActiveCfg = ServiceOne_Azure_Production|Any CPU
		{D8D90266-A7AF-4238-8B8F-1B01156B5E71}.ServiceOne_Azure_Production|Any CPU.Build.0 = ServiceOne_Azure_Production|Any CPU
		{D8D90266-A7AF-4238-8B8F-1B01156B5E71}.ServiceOne_Azure_Stage|Any CPU.ActiveCfg = ServiceOne_Azure_Stage|Any CPU
		{D8D90266-A7AF-4238-8B8F-1B01156B5E71}.ServiceOne_Azure_Stage|Any CPU.Build.0 = ServiceOne_Azure_Stage|Any CPU
		{D8D90266-A7AF-4238-8B8F-1B01156B5E71}.ServiceOne_Debug_Dev|Any CPU.ActiveCfg = ServiceOne_Debug_Dev|Any CPU
		{D8D90266-A7AF-4238-8B8F-1B01156B5E71}.ServiceOne_Debug_Dev|Any CPU.Build.0 = ServiceOne_Debug_Dev|Any CPU
		{D8D90266-A7AF-4238-8B8F-1B01156B5E71}.ServiceOne_Release|Any CPU.ActiveCfg = Release|Any CPU
		{D8D90266-A7AF-4238-8B8F-1B01156B5E71}.ServiceOne_Release|Any CPU.Build.0 = Release|Any CPU
		{D8D90266-A7AF-4238-8B8F-1B01156B5E71}.ServiceOne_Staging|Any CPU.ActiveCfg = ServiceOne_Staging|Any CPU
		{D8D90266-A7AF-4238-8B8F-1B01156B5E71}.ServiceOne_Staging|Any CPU.Build.0 = ServiceOne_Staging|Any CPU
		{6B3B59F5-4A6D-45F3-8029-3D1EA39B272E}.Debug|Any CPU.ActiveCfg = Debug|Any CPU
		{6B3B59F5-4A6D-45F3-8029-3D1EA39B272E}.Debug|Any CPU.Build.0 = Debug|Any CPU
		{6B3B59F5-4A6D-45F3-8029-3D1EA39B272E}.Release|Any CPU.ActiveCfg = Release|Any CPU
		{6B3B59F5-4A6D-45F3-8029-3D1EA39B272E}.Release|Any CPU.Build.0 = Release|Any CPU
		{6B3B59F5-4A6D-45F3-8029-3D1EA39B272E}.ServiceOne_Azure_Production|Any CPU.ActiveCfg = ServiceOne_Azure_Production|Any CPU
		{6B3B59F5-4A6D-45F3-8029-3D1EA39B272E}.ServiceOne_Azure_Production|Any CPU.Build.0 = ServiceOne_Azure_Production|Any CPU
		{6B3B59F5-4A6D-45F3-8029-3D1EA39B272E}.ServiceOne_Azure_Stage|Any CPU.ActiveCfg = ServiceOne_Azure_Stage|Any CPU
		{6B3B59F5-4A6D-45F3-8029-3D1EA39B272E}.ServiceOne_Azure_Stage|Any CPU.Build.0 = ServiceOne_Azure_Stage|Any CPU
		{6B3B59F5-4A6D-45F3-8029-3D1EA39B272E}.ServiceOne_Debug_Dev|Any CPU.ActiveCfg = ServiceOne_Debug_Dev|Any CPU
		{6B3B59F5-4A6D-45F3-8029-3D1EA39B272E}.ServiceOne_Debug_Dev|Any CPU.Build.0 = ServiceOne_Debug_Dev|Any CPU
		{6B3B59F5-4A6D-45F3-8029-3D1EA39B272E}.ServiceOne_Release|Any CPU.ActiveCfg = Release|Any CPU
		{6B3B59F5-4A6D-45F3-8029-3D1EA39B272E}.ServiceOne_Release|Any CPU.Build.0 = Release|Any CPU
		{6B3B59F5-4A6D-45F3-8029-3D1EA39B272E}.ServiceOne_Staging|Any CPU.ActiveCfg = ServiceOne_Staging|Any CPU
		{6B3B59F5-4A6D-45F3-8029-3D1EA39B272E}.ServiceOne_Staging|Any CPU.Build.0 = ServiceOne_Staging|Any CPU
		{C05274C3-8F72-47F4-B19A-35E9C253E38B}.Debug|Any CPU.ActiveCfg = Debug|Any CPU
		{C05274C3-8F72-47F4-B19A-35E9C253E38B}.Debug|Any CPU.Build.0 = Debug|Any CPU
		{C05274C3-8F72-47F4-B19A-35E9C253E38B}.Release|Any CPU.ActiveCfg = Release|Any CPU
		{C05274C3-8F72-47F4-B19A-35E9C253E38B}.Release|Any CPU.Build.0 = Release|Any CPU
		{C05274C3-8F72-47F4-B19A-35E9C253E38B}.ServiceOne_Azure_Production|Any CPU.ActiveCfg = ServiceOne_Azure_Production|Any CPU
		{C05274C3-8F72-47F4-B19A-35E9C253E38B}.ServiceOne_Azure_Production|Any CPU.Build.0 = ServiceOne_Azure_Production|Any CPU
		{C05274C3-8F72-47F4-B19A-35E9C253E38B}.ServiceOne_Azure_Stage|Any CPU.ActiveCfg = ServiceOne_Azure_Stage|Any CPU
		{C05274C3-8F72-47F4-B19A-35E9C253E38B}.ServiceOne_Azure_Stage|Any CPU.Build.0 = ServiceOne_Azure_Stage|Any CPU
		{C05274C3-8F72-47F4-B19A-35E9C253E38B}.ServiceOne_Debug_Dev|Any CPU.ActiveCfg = ServiceOne_Debug_Dev|Any CPU
		{C05274C3-8F72-47F4-B19A-35E9C253E38B}.ServiceOne_Debug_Dev|Any CPU.Build.0 = ServiceOne_Debug_Dev|Any CPU
		{C05274C3-8F72-47F4-B19A-35E9C253E38B}.ServiceOne_Release|Any CPU.ActiveCfg = Release|Any CPU
		{C05274C3-8F72-47F4-B19A-35E9C253E38B}.ServiceOne_Release|Any CPU.Build.0 = Release|Any CPU
		{C05274C3-8F72-47F4-B19A-35E9C253E38B}.ServiceOne_Staging|Any CPU.ActiveCfg = ServiceOne_Staging|Any CPU
		{C05274C3-8F72-47F4-B19A-35E9C253E38B}.ServiceOne_Staging|Any CPU.Build.0 = ServiceOne_Staging|Any CPU
		{3E5A3D63-DCE9-45F8-88B6-3E8967ADAB2C}.Debug|Any CPU.ActiveCfg = Debug|Any CPU
		{3E5A3D63-DCE9-45F8-88B6-3E8967ADAB2C}.Debug|Any CPU.Build.0 = Debug|Any CPU
		{3E5A3D63-DCE9-45F8-88B6-3E8967ADAB2C}.Release|Any CPU.ActiveCfg = Release|Any CPU
		{3E5A3D63-DCE9-45F8-88B6-3E8967ADAB2C}.Release|Any CPU.Build.0 = Release|Any CPU
		{3E5A3D63-DCE9-45F8-88B6-3E8967ADAB2C}.ServiceOne_Azure_Production|Any CPU.ActiveCfg = ServiceOne_Azure_Production|Any CPU
		{3E5A3D63-DCE9-45F8-88B6-3E8967ADAB2C}.ServiceOne_Azure_Production|Any CPU.Build.0 = ServiceOne_Azure_Production|Any CPU
		{3E5A3D63-DCE9-45F8-88B6-3E8967ADAB2C}.ServiceOne_Azure_Stage|Any CPU.ActiveCfg = ServiceOne_Azure_Stage|Any CPU
		{3E5A3D63-DCE9-45F8-88B6-3E8967ADAB2C}.ServiceOne_Azure_Stage|Any CPU.Build.0 = ServiceOne_Azure_Stage|Any CPU
		{3E5A3D63-DCE9-45F8-88B6-3E8967ADAB2C}.ServiceOne_Debug_Dev|Any CPU.ActiveCfg = ServiceOne_Debug_Dev|Any CPU
		{3E5A3D63-DCE9-45F8-88B6-3E8967ADAB2C}.ServiceOne_Debug_Dev|Any CPU.Build.0 = ServiceOne_Debug_Dev|Any CPU
		{3E5A3D63-DCE9-45F8-88B6-3E8967ADAB2C}.ServiceOne_Release|Any CPU.ActiveCfg = Release|Any CPU
		{3E5A3D63-DCE9-45F8-88B6-3E8967ADAB2C}.ServiceOne_Release|Any CPU.Build.0 = Release|Any CPU
		{3E5A3D63-DCE9-45F8-88B6-3E8967ADAB2C}.ServiceOne_Staging|Any CPU.ActiveCfg = ServiceOne_Staging|Any CPU
		{3E5A3D63-DCE9-45F8-88B6-3E8967ADAB2C}.ServiceOne_Staging|Any CPU.Build.0 = ServiceOne_Staging|Any CPU
		{5A892E84-1337-43C1-929A-1AE78FBCDC3E}.Debug|Any CPU.ActiveCfg = Debug|Any CPU
		{5A892E84-1337-43C1-929A-1AE78FBCDC3E}.Debug|Any CPU.Build.0 = Debug|Any CPU
		{5A892E84-1337-43C1-929A-1AE78FBCDC3E}.Release|Any CPU.ActiveCfg = Release|Any CPU
		{5A892E84-1337-43C1-929A-1AE78FBCDC3E}.Release|Any CPU.Build.0 = Release|Any CPU
		{5A892E84-1337-43C1-929A-1AE78FBCDC3E}.ServiceOne_Azure_Production|Any CPU.ActiveCfg = ServiceOne_Azure_Production|Any CPU
		{5A892E84-1337-43C1-929A-1AE78FBCDC3E}.ServiceOne_Azure_Production|Any CPU.Build.0 = ServiceOne_Azure_Production|Any CPU
		{5A892E84-1337-43C1-929A-1AE78FBCDC3E}.ServiceOne_Azure_Stage|Any CPU.ActiveCfg = ServiceOne_Azure_Stage|Any CPU
		{5A892E84-1337-43C1-929A-1AE78FBCDC3E}.ServiceOne_Azure_Stage|Any CPU.Build.0 = ServiceOne_Azure_Stage|Any CPU
		{5A892E84-1337-43C1-929A-1AE78FBCDC3E}.ServiceOne_Debug_Dev|Any CPU.ActiveCfg = ServiceOne_Debug_Dev|Any CPU
		{5A892E84-1337-43C1-929A-1AE78FBCDC3E}.ServiceOne_Debug_Dev|Any CPU.Build.0 = ServiceOne_Debug_Dev|Any CPU
		{5A892E84-1337-43C1-929A-1AE78FBCDC3E}.ServiceOne_Release|Any CPU.ActiveCfg = Release|Any CPU
		{5A892E84-1337-43C1-929A-1AE78FBCDC3E}.ServiceOne_Release|Any CPU.Build.0 = Release|Any CPU
		{5A892E84-1337-43C1-929A-1AE78FBCDC3E}.ServiceOne_Staging|Any CPU.ActiveCfg = ServiceOne_Staging|Any CPU
		{5A892E84-1337-43C1-929A-1AE78FBCDC3E}.ServiceOne_Staging|Any CPU.Build.0 = ServiceOne_Staging|Any CPU
		{34F9E282-56F5-4F3C-8A6C-2251C0C5AD51}.Debug|Any CPU.ActiveCfg = Debug|Any CPU
		{34F9E282-56F5-4F3C-8A6C-2251C0C5AD51}.Debug|Any CPU.Build.0 = Debug|Any CPU
		{34F9E282-56F5-4F3C-8A6C-2251C0C5AD51}.Release|Any CPU.ActiveCfg = Release|Any CPU
		{34F9E282-56F5-4F3C-8A6C-2251C0C5AD51}.Release|Any CPU.Build.0 = Release|Any CPU
		{34F9E282-56F5-4F3C-8A6C-2251C0C5AD51}.ServiceOne_Azure_Production|Any CPU.ActiveCfg = ServiceOne_Azure_Production|Any CPU
		{34F9E282-56F5-4F3C-8A6C-2251C0C5AD51}.ServiceOne_Azure_Production|Any CPU.Build.0 = ServiceOne_Azure_Production|Any CPU
		{34F9E282-56F5-4F3C-8A6C-2251C0C5AD51}.ServiceOne_Azure_Stage|Any CPU.ActiveCfg = ServiceOne_Azure_Stage|Any CPU
		{34F9E282-56F5-4F3C-8A6C-2251C0C5AD51}.ServiceOne_Azure_Stage|Any CPU.Build.0 = ServiceOne_Azure_Stage|Any CPU
		{34F9E282-56F5-4F3C-8A6C-2251C0C5AD51}.ServiceOne_Debug_Dev|Any CPU.ActiveCfg = ServiceOne_Debug_Dev|Any CPU
		{34F9E282-56F5-4F3C-8A6C-2251C0C5AD51}.ServiceOne_Debug_Dev|Any CPU.Build.0 = ServiceOne_Debug_Dev|Any CPU
		{34F9E282-56F5-4F3C-8A6C-2251C0C5AD51}.ServiceOne_Release|Any CPU.ActiveCfg = Release|Any CPU
		{34F9E282-56F5-4F3C-8A6C-2251C0C5AD51}.ServiceOne_Release|Any CPU.Build.0 = Release|Any CPU
		{34F9E282-56F5-4F3C-8A6C-2251C0C5AD51}.ServiceOne_Staging|Any CPU.ActiveCfg = ServiceOne_Staging|Any CPU
		{34F9E282-56F5-4F3C-8A6C-2251C0C5AD51}.ServiceOne_Staging|Any CPU.Build.0 = ServiceOne_Staging|Any CPU
		{DC9ECEFB-73C6-45E8-A662-79B5A070EB67}.Debug|Any CPU.ActiveCfg = Debug|Any CPU
		{DC9ECEFB-73C6-45E8-A662-79B5A070EB67}.Debug|Any CPU.Build.0 = Debug|Any CPU
		{DC9ECEFB-73C6-45E8-A662-79B5A070EB67}.Release|Any CPU.ActiveCfg = Release|Any CPU
		{DC9ECEFB-73C6-45E8-A662-79B5A070EB67}.Release|Any CPU.Build.0 = Release|Any CPU
		{DC9ECEFB-73C6-45E8-A662-79B5A070EB67}.ServiceOne_Azure_Production|Any CPU.ActiveCfg = ServiceOne_Azure_Production|Any CPU
		{DC9ECEFB-73C6-45E8-A662-79B5A070EB67}.ServiceOne_Azure_Production|Any CPU.Build.0 = ServiceOne_Azure_Production|Any CPU
		{DC9ECEFB-73C6-45E8-A662-79B5A070EB67}.ServiceOne_Azure_Stage|Any CPU.ActiveCfg = ServiceOne_Azure_Stage|Any CPU
		{DC9ECEFB-73C6-45E8-A662-79B5A070EB67}.ServiceOne_Azure_Stage|Any CPU.Build.0 = ServiceOne_Azure_Stage|Any CPU
		{DC9ECEFB-73C6-45E8-A662-79B5A070EB67}.ServiceOne_Debug_Dev|Any CPU.ActiveCfg = Debug|Any CPU
		{DC9ECEFB-73C6-45E8-A662-79B5A070EB67}.ServiceOne_Debug_Dev|Any CPU.Build.0 = Debug|Any CPU
		{DC9ECEFB-73C6-45E8-A662-79B5A070EB67}.ServiceOne_Release|Any CPU.ActiveCfg = Release|Any CPU
		{DC9ECEFB-73C6-45E8-A662-79B5A070EB67}.ServiceOne_Release|Any CPU.Build.0 = Release|Any CPU
		{DC9ECEFB-73C6-45E8-A662-79B5A070EB67}.ServiceOne_Staging|Any CPU.ActiveCfg = Release|Any CPU
		{DC9ECEFB-73C6-45E8-A662-79B5A070EB67}.ServiceOne_Staging|Any CPU.Build.0 = Release|Any CPU
		{E645DE52-D1BB-418F-8AAD-9E7FFB65F6E0}.Debug|Any CPU.ActiveCfg = Debug|Any CPU
		{E645DE52-D1BB-418F-8AAD-9E7FFB65F6E0}.Debug|Any CPU.Build.0 = Debug|Any CPU
		{E645DE52-D1BB-418F-8AAD-9E7FFB65F6E0}.Release|Any CPU.ActiveCfg = Release|Any CPU
		{E645DE52-D1BB-418F-8AAD-9E7FFB65F6E0}.Release|Any CPU.Build.0 = Release|Any CPU
		{E645DE52-D1BB-418F-8AAD-9E7FFB65F6E0}.ServiceOne_Azure_Production|Any CPU.ActiveCfg = ServiceOne_Azure_Production|Any CPU
		{E645DE52-D1BB-418F-8AAD-9E7FFB65F6E0}.ServiceOne_Azure_Production|Any CPU.Build.0 = ServiceOne_Azure_Production|Any CPU
		{E645DE52-D1BB-418F-8AAD-9E7FFB65F6E0}.ServiceOne_Azure_Stage|Any CPU.ActiveCfg = ServiceOne_Azure_Stage|Any CPU
		{E645DE52-D1BB-418F-8AAD-9E7FFB65F6E0}.ServiceOne_Azure_Stage|Any CPU.Build.0 = ServiceOne_Azure_Stage|Any CPU
		{E645DE52-D1BB-418F-8AAD-9E7FFB65F6E0}.ServiceOne_Debug_Dev|Any CPU.ActiveCfg = Debug|Any CPU
		{E645DE52-D1BB-418F-8AAD-9E7FFB65F6E0}.ServiceOne_Debug_Dev|Any CPU.Build.0 = Debug|Any CPU
		{E645DE52-D1BB-418F-8AAD-9E7FFB65F6E0}.ServiceOne_Release|Any CPU.ActiveCfg = Release|Any CPU
		{E645DE52-D1BB-418F-8AAD-9E7FFB65F6E0}.ServiceOne_Release|Any CPU.Build.0 = Release|Any CPU
		{E645DE52-D1BB-418F-8AAD-9E7FFB65F6E0}.ServiceOne_Staging|Any CPU.ActiveCfg = Release|Any CPU
		{E645DE52-D1BB-418F-8AAD-9E7FFB65F6E0}.ServiceOne_Staging|Any CPU.Build.0 = Release|Any CPU
		{6B17807D-A364-4994-BB0A-D04532378FE7}.Debug|Any CPU.ActiveCfg = Debug|Any CPU
		{6B17807D-A364-4994-BB0A-D04532378FE7}.Debug|Any CPU.Build.0 = Debug|Any CPU
		{6B17807D-A364-4994-BB0A-D04532378FE7}.Release|Any CPU.ActiveCfg = Release|Any CPU
		{6B17807D-A364-4994-BB0A-D04532378FE7}.Release|Any CPU.Build.0 = Release|Any CPU
		{6B17807D-A364-4994-BB0A-D04532378FE7}.ServiceOne_Azure_Production|Any CPU.ActiveCfg = ServiceOne_Azure_Production|Any CPU
		{6B17807D-A364-4994-BB0A-D04532378FE7}.ServiceOne_Azure_Production|Any CPU.Build.0 = ServiceOne_Azure_Production|Any CPU
		{6B17807D-A364-4994-BB0A-D04532378FE7}.ServiceOne_Azure_Stage|Any CPU.ActiveCfg = ServiceOne_Azure_Stage|Any CPU
		{6B17807D-A364-4994-BB0A-D04532378FE7}.ServiceOne_Azure_Stage|Any CPU.Build.0 = ServiceOne_Azure_Stage|Any CPU
		{6B17807D-A364-4994-BB0A-D04532378FE7}.ServiceOne_Debug_Dev|Any CPU.ActiveCfg = Debug|Any CPU
		{6B17807D-A364-4994-BB0A-D04532378FE7}.ServiceOne_Debug_Dev|Any CPU.Build.0 = Debug|Any CPU
		{6B17807D-A364-4994-BB0A-D04532378FE7}.ServiceOne_Release|Any CPU.ActiveCfg = Release|Any CPU
		{6B17807D-A364-4994-BB0A-D04532378FE7}.ServiceOne_Release|Any CPU.Build.0 = Release|Any CPU
		{6B17807D-A364-4994-BB0A-D04532378FE7}.ServiceOne_Staging|Any CPU.ActiveCfg = Release|Any CPU
		{6B17807D-A364-4994-BB0A-D04532378FE7}.ServiceOne_Staging|Any CPU.Build.0 = Release|Any CPU
		{2C6ADFA9-CAB0-41DA-B65A-2E2B5E0A8E53}.Debug|Any CPU.ActiveCfg = Debug|Any CPU
		{2C6ADFA9-CAB0-41DA-B65A-2E2B5E0A8E53}.Debug|Any CPU.Build.0 = Debug|Any CPU
		{2C6ADFA9-CAB0-41DA-B65A-2E2B5E0A8E53}.Release|Any CPU.ActiveCfg = Release|Any CPU
		{2C6ADFA9-CAB0-41DA-B65A-2E2B5E0A8E53}.Release|Any CPU.Build.0 = Release|Any CPU
		{2C6ADFA9-CAB0-41DA-B65A-2E2B5E0A8E53}.ServiceOne_Azure_Production|Any CPU.ActiveCfg = ServiceOne_Azure_Production|Any CPU
		{2C6ADFA9-CAB0-41DA-B65A-2E2B5E0A8E53}.ServiceOne_Azure_Production|Any CPU.Build.0 = ServiceOne_Azure_Production|Any CPU
		{2C6ADFA9-CAB0-41DA-B65A-2E2B5E0A8E53}.ServiceOne_Azure_Stage|Any CPU.ActiveCfg = ServiceOne_Azure_Stage|Any CPU
		{2C6ADFA9-CAB0-41DA-B65A-2E2B5E0A8E53}.ServiceOne_Azure_Stage|Any CPU.Build.0 = ServiceOne_Azure_Stage|Any CPU
		{2C6ADFA9-CAB0-41DA-B65A-2E2B5E0A8E53}.ServiceOne_Debug_Dev|Any CPU.ActiveCfg = Debug|Any CPU
		{2C6ADFA9-CAB0-41DA-B65A-2E2B5E0A8E53}.ServiceOne_Debug_Dev|Any CPU.Build.0 = Debug|Any CPU
		{2C6ADFA9-CAB0-41DA-B65A-2E2B5E0A8E53}.ServiceOne_Release|Any CPU.ActiveCfg = Release|Any CPU
		{2C6ADFA9-CAB0-41DA-B65A-2E2B5E0A8E53}.ServiceOne_Release|Any CPU.Build.0 = Release|Any CPU
		{2C6ADFA9-CAB0-41DA-B65A-2E2B5E0A8E53}.ServiceOne_Staging|Any CPU.ActiveCfg = Release|Any CPU
		{2C6ADFA9-CAB0-41DA-B65A-2E2B5E0A8E53}.ServiceOne_Staging|Any CPU.Build.0 = Release|Any CPU
		{DD6167A5-1354-4362-A4A1-2005B34B892C}.Debug|Any CPU.ActiveCfg = Debug|Any CPU
		{DD6167A5-1354-4362-A4A1-2005B34B892C}.Debug|Any CPU.Build.0 = Debug|Any CPU
		{DD6167A5-1354-4362-A4A1-2005B34B892C}.Release|Any CPU.ActiveCfg = Release|Any CPU
		{DD6167A5-1354-4362-A4A1-2005B34B892C}.Release|Any CPU.Build.0 = Release|Any CPU
		{DD6167A5-1354-4362-A4A1-2005B34B892C}.ServiceOne_Azure_Production|Any CPU.ActiveCfg = ServiceOne_Azure_Production|Any CPU
		{DD6167A5-1354-4362-A4A1-2005B34B892C}.ServiceOne_Azure_Production|Any CPU.Build.0 = ServiceOne_Azure_Production|Any CPU
		{DD6167A5-1354-4362-A4A1-2005B34B892C}.ServiceOne_Azure_Stage|Any CPU.ActiveCfg = ServiceOne_Azure_Stage|Any CPU
		{DD6167A5-1354-4362-A4A1-2005B34B892C}.ServiceOne_Azure_Stage|Any CPU.Build.0 = ServiceOne_Azure_Stage|Any CPU
		{DD6167A5-1354-4362-A4A1-2005B34B892C}.ServiceOne_Debug_Dev|Any CPU.ActiveCfg = Debug|Any CPU
		{DD6167A5-1354-4362-A4A1-2005B34B892C}.ServiceOne_Debug_Dev|Any CPU.Build.0 = Debug|Any CPU
		{DD6167A5-1354-4362-A4A1-2005B34B892C}.ServiceOne_Release|Any CPU.ActiveCfg = Release|Any CPU
		{DD6167A5-1354-4362-A4A1-2005B34B892C}.ServiceOne_Release|Any CPU.Build.0 = Release|Any CPU
		{DD6167A5-1354-4362-A4A1-2005B34B892C}.ServiceOne_Staging|Any CPU.ActiveCfg = Release|Any CPU
		{DD6167A5-1354-4362-A4A1-2005B34B892C}.ServiceOne_Staging|Any CPU.Build.0 = Release|Any CPU
		{5AC17F6C-41E1-4D8C-A989-10B464744570}.Debug|Any CPU.ActiveCfg = Debug|Any CPU
		{5AC17F6C-41E1-4D8C-A989-10B464744570}.Debug|Any CPU.Build.0 = Debug|Any CPU
		{5AC17F6C-41E1-4D8C-A989-10B464744570}.Release|Any CPU.ActiveCfg = Release|Any CPU
		{5AC17F6C-41E1-4D8C-A989-10B464744570}.Release|Any CPU.Build.0 = Release|Any CPU
		{5AC17F6C-41E1-4D8C-A989-10B464744570}.ServiceOne_Azure_Production|Any CPU.ActiveCfg = ServiceOne_Azure_Production|Any CPU
		{5AC17F6C-41E1-4D8C-A989-10B464744570}.ServiceOne_Azure_Production|Any CPU.Build.0 = ServiceOne_Azure_Production|Any CPU
		{5AC17F6C-41E1-4D8C-A989-10B464744570}.ServiceOne_Azure_Stage|Any CPU.ActiveCfg = ServiceOne_Azure_Stage|Any CPU
		{5AC17F6C-41E1-4D8C-A989-10B464744570}.ServiceOne_Azure_Stage|Any CPU.Build.0 = ServiceOne_Azure_Stage|Any CPU
		{5AC17F6C-41E1-4D8C-A989-10B464744570}.ServiceOne_Debug_Dev|Any CPU.ActiveCfg = Debug|Any CPU
		{5AC17F6C-41E1-4D8C-A989-10B464744570}.ServiceOne_Debug_Dev|Any CPU.Build.0 = Debug|Any CPU
		{5AC17F6C-41E1-4D8C-A989-10B464744570}.ServiceOne_Release|Any CPU.ActiveCfg = Release|Any CPU
		{5AC17F6C-41E1-4D8C-A989-10B464744570}.ServiceOne_Release|Any CPU.Build.0 = Release|Any CPU
		{5AC17F6C-41E1-4D8C-A989-10B464744570}.ServiceOne_Staging|Any CPU.ActiveCfg = Release|Any CPU
		{5AC17F6C-41E1-4D8C-A989-10B464744570}.ServiceOne_Staging|Any CPU.Build.0 = Release|Any CPU
		{F77254C3-FC62-497C-AF15-4EE06DA7C29A}.Debug|Any CPU.ActiveCfg = Debug|Any CPU
		{F77254C3-FC62-497C-AF15-4EE06DA7C29A}.Debug|Any CPU.Build.0 = Debug|Any CPU
		{F77254C3-FC62-497C-AF15-4EE06DA7C29A}.Release|Any CPU.ActiveCfg = Release|Any CPU
		{F77254C3-FC62-497C-AF15-4EE06DA7C29A}.Release|Any CPU.Build.0 = Release|Any CPU
		{F77254C3-FC62-497C-AF15-4EE06DA7C29A}.ServiceOne_Azure_Production|Any CPU.ActiveCfg = ServiceOne_Azure_Production|Any CPU
		{F77254C3-FC62-497C-AF15-4EE06DA7C29A}.ServiceOne_Azure_Production|Any CPU.Build.0 = ServiceOne_Azure_Production|Any CPU
		{F77254C3-FC62-497C-AF15-4EE06DA7C29A}.ServiceOne_Azure_Stage|Any CPU.ActiveCfg = ServiceOne_Azure_Stage|Any CPU
		{F77254C3-FC62-497C-AF15-4EE06DA7C29A}.ServiceOne_Azure_Stage|Any CPU.Build.0 = ServiceOne_Azure_Stage|Any CPU
		{F77254C3-FC62-497C-AF15-4EE06DA7C29A}.ServiceOne_Debug_Dev|Any CPU.ActiveCfg = Debug|Any CPU
		{F77254C3-FC62-497C-AF15-4EE06DA7C29A}.ServiceOne_Debug_Dev|Any CPU.Build.0 = Debug|Any CPU
		{F77254C3-FC62-497C-AF15-4EE06DA7C29A}.ServiceOne_Release|Any CPU.ActiveCfg = Release|Any CPU
		{F77254C3-FC62-497C-AF15-4EE06DA7C29A}.ServiceOne_Release|Any CPU.Build.0 = Release|Any CPU
		{F77254C3-FC62-497C-AF15-4EE06DA7C29A}.ServiceOne_Staging|Any CPU.ActiveCfg = Release|Any CPU
		{F77254C3-FC62-497C-AF15-4EE06DA7C29A}.ServiceOne_Staging|Any CPU.Build.0 = Release|Any CPU
		{DC76A730-717F-4280-B1F4-0D87940492AB}.Debug|Any CPU.ActiveCfg = Debug|Any CPU
		{DC76A730-717F-4280-B1F4-0D87940492AB}.Debug|Any CPU.Build.0 = Debug|Any CPU
		{DC76A730-717F-4280-B1F4-0D87940492AB}.Release|Any CPU.ActiveCfg = Release|Any CPU
		{DC76A730-717F-4280-B1F4-0D87940492AB}.Release|Any CPU.Build.0 = Release|Any CPU
		{DC76A730-717F-4280-B1F4-0D87940492AB}.ServiceOne_Azure_Production|Any CPU.ActiveCfg = ServiceOne_Azure_Production|Any CPU
		{DC76A730-717F-4280-B1F4-0D87940492AB}.ServiceOne_Azure_Production|Any CPU.Build.0 = ServiceOne_Azure_Production|Any CPU
		{DC76A730-717F-4280-B1F4-0D87940492AB}.ServiceOne_Azure_Stage|Any CPU.ActiveCfg = ServiceOne_Azure_Stage|Any CPU
		{DC76A730-717F-4280-B1F4-0D87940492AB}.ServiceOne_Azure_Stage|Any CPU.Build.0 = ServiceOne_Azure_Stage|Any CPU
		{DC76A730-717F-4280-B1F4-0D87940492AB}.ServiceOne_Debug_Dev|Any CPU.ActiveCfg = Debug|Any CPU
		{DC76A730-717F-4280-B1F4-0D87940492AB}.ServiceOne_Debug_Dev|Any CPU.Build.0 = Debug|Any CPU
		{DC76A730-717F-4280-B1F4-0D87940492AB}.ServiceOne_Release|Any CPU.ActiveCfg = Release|Any CPU
		{DC76A730-717F-4280-B1F4-0D87940492AB}.ServiceOne_Release|Any CPU.Build.0 = Release|Any CPU
		{DC76A730-717F-4280-B1F4-0D87940492AB}.ServiceOne_Staging|Any CPU.ActiveCfg = Release|Any CPU
		{DC76A730-717F-4280-B1F4-0D87940492AB}.ServiceOne_Staging|Any CPU.Build.0 = Release|Any CPU
		{8321A634-0AFD-4504-9F99-9951D9E09D75}.Debug|Any CPU.ActiveCfg = Debug|Any CPU
		{8321A634-0AFD-4504-9F99-9951D9E09D75}.Debug|Any CPU.Build.0 = Debug|Any CPU
		{8321A634-0AFD-4504-9F99-9951D9E09D75}.Release|Any CPU.ActiveCfg = Release|Any CPU
		{8321A634-0AFD-4504-9F99-9951D9E09D75}.Release|Any CPU.Build.0 = Release|Any CPU
		{8321A634-0AFD-4504-9F99-9951D9E09D75}.ServiceOne_Azure_Production|Any CPU.ActiveCfg = ServiceOne_Azure_Production|Any CPU
		{8321A634-0AFD-4504-9F99-9951D9E09D75}.ServiceOne_Azure_Production|Any CPU.Build.0 = ServiceOne_Azure_Production|Any CPU
		{8321A634-0AFD-4504-9F99-9951D9E09D75}.ServiceOne_Azure_Stage|Any CPU.ActiveCfg = ServiceOne_Azure_Stage|Any CPU
		{8321A634-0AFD-4504-9F99-9951D9E09D75}.ServiceOne_Azure_Stage|Any CPU.Build.0 = ServiceOne_Azure_Stage|Any CPU
		{8321A634-0AFD-4504-9F99-9951D9E09D75}.ServiceOne_Debug_Dev|Any CPU.ActiveCfg = Debug|Any CPU
		{8321A634-0AFD-4504-9F99-9951D9E09D75}.ServiceOne_Debug_Dev|Any CPU.Build.0 = Debug|Any CPU
		{8321A634-0AFD-4504-9F99-9951D9E09D75}.ServiceOne_Release|Any CPU.ActiveCfg = Release|Any CPU
		{8321A634-0AFD-4504-9F99-9951D9E09D75}.ServiceOne_Release|Any CPU.Build.0 = Release|Any CPU
		{8321A634-0AFD-4504-9F99-9951D9E09D75}.ServiceOne_Staging|Any CPU.ActiveCfg = Release|Any CPU
		{8321A634-0AFD-4504-9F99-9951D9E09D75}.ServiceOne_Staging|Any CPU.Build.0 = Release|Any CPU
		{B563301B-E577-4CAC-A388-F467517162BB}.Debug|Any CPU.ActiveCfg = Debug|Any CPU
		{B563301B-E577-4CAC-A388-F467517162BB}.Debug|Any CPU.Build.0 = Debug|Any CPU
		{B563301B-E577-4CAC-A388-F467517162BB}.Release|Any CPU.ActiveCfg = Release|Any CPU
		{B563301B-E577-4CAC-A388-F467517162BB}.Release|Any CPU.Build.0 = Release|Any CPU
		{B563301B-E577-4CAC-A388-F467517162BB}.ServiceOne_Azure_Production|Any CPU.ActiveCfg = ServiceOne_Azure_Production|Any CPU
		{B563301B-E577-4CAC-A388-F467517162BB}.ServiceOne_Azure_Production|Any CPU.Build.0 = ServiceOne_Azure_Production|Any CPU
		{B563301B-E577-4CAC-A388-F467517162BB}.ServiceOne_Azure_Stage|Any CPU.ActiveCfg = ServiceOne_Azure_Stage|Any CPU
		{B563301B-E577-4CAC-A388-F467517162BB}.ServiceOne_Azure_Stage|Any CPU.Build.0 = ServiceOne_Azure_Stage|Any CPU
		{B563301B-E577-4CAC-A388-F467517162BB}.ServiceOne_Debug_Dev|Any CPU.ActiveCfg = Debug|Any CPU
		{B563301B-E577-4CAC-A388-F467517162BB}.ServiceOne_Debug_Dev|Any CPU.Build.0 = Debug|Any CPU
		{B563301B-E577-4CAC-A388-F467517162BB}.ServiceOne_Release|Any CPU.ActiveCfg = Release|Any CPU
		{B563301B-E577-4CAC-A388-F467517162BB}.ServiceOne_Release|Any CPU.Build.0 = Release|Any CPU
		{B563301B-E577-4CAC-A388-F467517162BB}.ServiceOne_Staging|Any CPU.ActiveCfg = Release|Any CPU
		{B563301B-E577-4CAC-A388-F467517162BB}.ServiceOne_Staging|Any CPU.Build.0 = Release|Any CPU
		{4A152CA6-F00B-4573-85C7-1677223A16D8}.Debug|Any CPU.ActiveCfg = Debug|Any CPU
		{4A152CA6-F00B-4573-85C7-1677223A16D8}.Debug|Any CPU.Build.0 = Debug|Any CPU
		{4A152CA6-F00B-4573-85C7-1677223A16D8}.Release|Any CPU.ActiveCfg = Release|Any CPU
		{4A152CA6-F00B-4573-85C7-1677223A16D8}.Release|Any CPU.Build.0 = Release|Any CPU
		{4A152CA6-F00B-4573-85C7-1677223A16D8}.ServiceOne_Azure_Production|Any CPU.ActiveCfg = ServiceOne_Azure_Production|Any CPU
		{4A152CA6-F00B-4573-85C7-1677223A16D8}.ServiceOne_Azure_Production|Any CPU.Build.0 = ServiceOne_Azure_Production|Any CPU
		{4A152CA6-F00B-4573-85C7-1677223A16D8}.ServiceOne_Azure_Stage|Any CPU.ActiveCfg = ServiceOne_Azure_Stage|Any CPU
		{4A152CA6-F00B-4573-85C7-1677223A16D8}.ServiceOne_Azure_Stage|Any CPU.Build.0 = ServiceOne_Azure_Stage|Any CPU
		{4A152CA6-F00B-4573-85C7-1677223A16D8}.ServiceOne_Debug_Dev|Any CPU.ActiveCfg = Debug|Any CPU
		{4A152CA6-F00B-4573-85C7-1677223A16D8}.ServiceOne_Debug_Dev|Any CPU.Build.0 = Debug|Any CPU
		{4A152CA6-F00B-4573-85C7-1677223A16D8}.ServiceOne_Release|Any CPU.ActiveCfg = Release|Any CPU
		{4A152CA6-F00B-4573-85C7-1677223A16D8}.ServiceOne_Release|Any CPU.Build.0 = Release|Any CPU
		{4A152CA6-F00B-4573-85C7-1677223A16D8}.ServiceOne_Staging|Any CPU.ActiveCfg = Release|Any CPU
		{4A152CA6-F00B-4573-85C7-1677223A16D8}.ServiceOne_Staging|Any CPU.Build.0 = Release|Any CPU
		{9E2B41A5-D3A6-4247-AD8E-7D6145630967}.Debug|Any CPU.ActiveCfg = Debug|Any CPU
		{9E2B41A5-D3A6-4247-AD8E-7D6145630967}.Debug|Any CPU.Build.0 = Debug|Any CPU
		{9E2B41A5-D3A6-4247-AD8E-7D6145630967}.Release|Any CPU.ActiveCfg = Release|Any CPU
		{9E2B41A5-D3A6-4247-AD8E-7D6145630967}.Release|Any CPU.Build.0 = Release|Any CPU
		{9E2B41A5-D3A6-4247-AD8E-7D6145630967}.ServiceOne_Azure_Production|Any CPU.ActiveCfg = ServiceOne_Azure_Production|Any CPU
		{9E2B41A5-D3A6-4247-AD8E-7D6145630967}.ServiceOne_Azure_Production|Any CPU.Build.0 = ServiceOne_Azure_Production|Any CPU
		{9E2B41A5-D3A6-4247-AD8E-7D6145630967}.ServiceOne_Azure_Stage|Any CPU.ActiveCfg = ServiceOne_Azure_Stage|Any CPU
		{9E2B41A5-D3A6-4247-AD8E-7D6145630967}.ServiceOne_Azure_Stage|Any CPU.Build.0 = ServiceOne_Azure_Stage|Any CPU
		{9E2B41A5-D3A6-4247-AD8E-7D6145630967}.ServiceOne_Debug_Dev|Any CPU.ActiveCfg = Debug|Any CPU
		{9E2B41A5-D3A6-4247-AD8E-7D6145630967}.ServiceOne_Debug_Dev|Any CPU.Build.0 = Debug|Any CPU
		{9E2B41A5-D3A6-4247-AD8E-7D6145630967}.ServiceOne_Release|Any CPU.ActiveCfg = Release|Any CPU
		{9E2B41A5-D3A6-4247-AD8E-7D6145630967}.ServiceOne_Release|Any CPU.Build.0 = Release|Any CPU
		{9E2B41A5-D3A6-4247-AD8E-7D6145630967}.ServiceOne_Staging|Any CPU.ActiveCfg = Release|Any CPU
		{9E2B41A5-D3A6-4247-AD8E-7D6145630967}.ServiceOne_Staging|Any CPU.Build.0 = Release|Any CPU
		{1A52702B-E382-4312-8522-B0DF0357BC99}.Debug|Any CPU.ActiveCfg = Debug|Any CPU
		{1A52702B-E382-4312-8522-B0DF0357BC99}.Debug|Any CPU.Build.0 = Debug|Any CPU
		{1A52702B-E382-4312-8522-B0DF0357BC99}.Release|Any CPU.ActiveCfg = Release|Any CPU
		{1A52702B-E382-4312-8522-B0DF0357BC99}.Release|Any CPU.Build.0 = Release|Any CPU
		{1A52702B-E382-4312-8522-B0DF0357BC99}.ServiceOne_Azure_Production|Any CPU.ActiveCfg = ServiceOne_Azure_Production|Any CPU
		{1A52702B-E382-4312-8522-B0DF0357BC99}.ServiceOne_Azure_Production|Any CPU.Build.0 = ServiceOne_Azure_Production|Any CPU
		{1A52702B-E382-4312-8522-B0DF0357BC99}.ServiceOne_Azure_Stage|Any CPU.ActiveCfg = ServiceOne_Azure_Stage|Any CPU
		{1A52702B-E382-4312-8522-B0DF0357BC99}.ServiceOne_Azure_Stage|Any CPU.Build.0 = ServiceOne_Azure_Stage|Any CPU
		{1A52702B-E382-4312-8522-B0DF0357BC99}.ServiceOne_Debug_Dev|Any CPU.ActiveCfg = Debug|Any CPU
		{1A52702B-E382-4312-8522-B0DF0357BC99}.ServiceOne_Debug_Dev|Any CPU.Build.0 = Debug|Any CPU
		{1A52702B-E382-4312-8522-B0DF0357BC99}.ServiceOne_Release|Any CPU.ActiveCfg = Release|Any CPU
		{1A52702B-E382-4312-8522-B0DF0357BC99}.ServiceOne_Release|Any CPU.Build.0 = Release|Any CPU
		{1A52702B-E382-4312-8522-B0DF0357BC99}.ServiceOne_Staging|Any CPU.ActiveCfg = Release|Any CPU
		{1A52702B-E382-4312-8522-B0DF0357BC99}.ServiceOne_Staging|Any CPU.Build.0 = Release|Any CPU
		{875232BC-69BF-4218-ADD5-FF3274C549F2}.Debug|Any CPU.ActiveCfg = Debug|Any CPU
		{875232BC-69BF-4218-ADD5-FF3274C549F2}.Debug|Any CPU.Build.0 = Debug|Any CPU
		{875232BC-69BF-4218-ADD5-FF3274C549F2}.Release|Any CPU.ActiveCfg = Release|Any CPU
		{875232BC-69BF-4218-ADD5-FF3274C549F2}.Release|Any CPU.Build.0 = Release|Any CPU
		{875232BC-69BF-4218-ADD5-FF3274C549F2}.ServiceOne_Azure_Production|Any CPU.ActiveCfg = Release|Any CPU
		{875232BC-69BF-4218-ADD5-FF3274C549F2}.ServiceOne_Azure_Production|Any CPU.Build.0 = Release|Any CPU
		{875232BC-69BF-4218-ADD5-FF3274C549F2}.ServiceOne_Azure_Stage|Any CPU.ActiveCfg = Release|Any CPU
		{875232BC-69BF-4218-ADD5-FF3274C549F2}.ServiceOne_Azure_Stage|Any CPU.Build.0 = Release|Any CPU
		{875232BC-69BF-4218-ADD5-FF3274C549F2}.ServiceOne_Debug_Dev|Any CPU.ActiveCfg = Debug|Any CPU
		{875232BC-69BF-4218-ADD5-FF3274C549F2}.ServiceOne_Debug_Dev|Any CPU.Build.0 = Debug|Any CPU
		{875232BC-69BF-4218-ADD5-FF3274C549F2}.ServiceOne_Release|Any CPU.ActiveCfg = Release|Any CPU
		{875232BC-69BF-4218-ADD5-FF3274C549F2}.ServiceOne_Release|Any CPU.Build.0 = Release|Any CPU
		{875232BC-69BF-4218-ADD5-FF3274C549F2}.ServiceOne_Staging|Any CPU.ActiveCfg = Release|Any CPU
		{875232BC-69BF-4218-ADD5-FF3274C549F2}.ServiceOne_Staging|Any CPU.Build.0 = Release|Any CPU
		{520EFFC4-357D-4716-8567-CC20A7C1A4ED}.Debug|Any CPU.ActiveCfg = Debug|Any CPU
		{520EFFC4-357D-4716-8567-CC20A7C1A4ED}.Debug|Any CPU.Build.0 = Debug|Any CPU
		{520EFFC4-357D-4716-8567-CC20A7C1A4ED}.Release|Any CPU.ActiveCfg = Release|Any CPU
		{520EFFC4-357D-4716-8567-CC20A7C1A4ED}.Release|Any CPU.Build.0 = Release|Any CPU
		{520EFFC4-357D-4716-8567-CC20A7C1A4ED}.ServiceOne_Azure_Production|Any CPU.ActiveCfg = Release|Any CPU
		{520EFFC4-357D-4716-8567-CC20A7C1A4ED}.ServiceOne_Azure_Production|Any CPU.Build.0 = Release|Any CPU
		{520EFFC4-357D-4716-8567-CC20A7C1A4ED}.ServiceOne_Azure_Stage|Any CPU.ActiveCfg = Release|Any CPU
		{520EFFC4-357D-4716-8567-CC20A7C1A4ED}.ServiceOne_Azure_Stage|Any CPU.Build.0 = Release|Any CPU
		{520EFFC4-357D-4716-8567-CC20A7C1A4ED}.ServiceOne_Debug_Dev|Any CPU.ActiveCfg = Debug|Any CPU
		{520EFFC4-357D-4716-8567-CC20A7C1A4ED}.ServiceOne_Debug_Dev|Any CPU.Build.0 = Debug|Any CPU
		{520EFFC4-357D-4716-8567-CC20A7C1A4ED}.ServiceOne_Release|Any CPU.ActiveCfg = Release|Any CPU
		{520EFFC4-357D-4716-8567-CC20A7C1A4ED}.ServiceOne_Release|Any CPU.Build.0 = Release|Any CPU
		{520EFFC4-357D-4716-8567-CC20A7C1A4ED}.ServiceOne_Staging|Any CPU.ActiveCfg = Release|Any CPU
		{520EFFC4-357D-4716-8567-CC20A7C1A4ED}.ServiceOne_Staging|Any CPU.Build.0 = Release|Any CPU
		{1455EA75-8F92-4E7D-B73F-4167B387A764}.Debug|Any CPU.ActiveCfg = Debug|Any CPU
		{1455EA75-8F92-4E7D-B73F-4167B387A764}.Debug|Any CPU.Build.0 = Debug|Any CPU
		{1455EA75-8F92-4E7D-B73F-4167B387A764}.Release|Any CPU.ActiveCfg = Release|Any CPU
		{1455EA75-8F92-4E7D-B73F-4167B387A764}.Release|Any CPU.Build.0 = Release|Any CPU
		{1455EA75-8F92-4E7D-B73F-4167B387A764}.ServiceOne_Azure_Production|Any CPU.ActiveCfg = Release|Any CPU
		{1455EA75-8F92-4E7D-B73F-4167B387A764}.ServiceOne_Azure_Production|Any CPU.Build.0 = Release|Any CPU
		{1455EA75-8F92-4E7D-B73F-4167B387A764}.ServiceOne_Azure_Stage|Any CPU.ActiveCfg = Release|Any CPU
		{1455EA75-8F92-4E7D-B73F-4167B387A764}.ServiceOne_Azure_Stage|Any CPU.Build.0 = Release|Any CPU
		{1455EA75-8F92-4E7D-B73F-4167B387A764}.ServiceOne_Debug_Dev|Any CPU.ActiveCfg = Debug|Any CPU
		{1455EA75-8F92-4E7D-B73F-4167B387A764}.ServiceOne_Debug_Dev|Any CPU.Build.0 = Debug|Any CPU
		{1455EA75-8F92-4E7D-B73F-4167B387A764}.ServiceOne_Release|Any CPU.ActiveCfg = Release|Any CPU
		{1455EA75-8F92-4E7D-B73F-4167B387A764}.ServiceOne_Release|Any CPU.Build.0 = Release|Any CPU
		{1455EA75-8F92-4E7D-B73F-4167B387A764}.ServiceOne_Staging|Any CPU.ActiveCfg = Release|Any CPU
		{1455EA75-8F92-4E7D-B73F-4167B387A764}.ServiceOne_Staging|Any CPU.Build.0 = Release|Any CPU
	EndGlobalSection
	GlobalSection(SolutionProperties) = preSolution
		HideSolutionNode = FALSE
	EndGlobalSection
	GlobalSection(NestedProjects) = preSolution
		{4A152CA6-F00B-4573-85C7-1677223A16D8} = {00CD0DB2-0E75-40F1-95CF-998F607DEF0F}
		{9E2B41A5-D3A6-4247-AD8E-7D6145630967} = {00CD0DB2-0E75-40F1-95CF-998F607DEF0F}
		{00CD0DB2-0E75-40F1-95CF-998F607DEF0F} = {E092EBE0-7F36-44BF-907A-72A1876AFEC4}
		{1A52702B-E382-4312-8522-B0DF0357BC99} = {00CD0DB2-0E75-40F1-95CF-998F607DEF0F}
	EndGlobalSection
	GlobalSection(ExtensibilityGlobals) = postSolution
		SolutionGuid = {879975D9-EA52-4263-861F-B00C3C0CB45D}
	EndGlobalSection
EndGlobal
